// !$*UTF8*$!
{
	archiveVersion = 1;
	classes = {
	};
	objectVersion = 51;
	objects = {

/* Begin PBXBuildFile section */
		112CD26B24EB0A560045EE98 /* Service.swift in Sources */ = {isa = PBXBuildFile; fileRef = 112CD26A24EB0A560045EE98 /* Service.swift */; };
		112CD26D24EB0A6D0045EE98 /* AuthService.swift in Sources */ = {isa = PBXBuildFile; fileRef = 112CD26C24EB0A6D0045EE98 /* AuthService.swift */; };
		112CD26F24EB0C490045EE98 /* MainTabController.swift in Sources */ = {isa = PBXBuildFile; fileRef = 112CD26E24EB0C490045EE98 /* MainTabController.swift */; };
		112CD27124EB0E360045EE98 /* AuthenticationViewModel.swift in Sources */ = {isa = PBXBuildFile; fileRef = 112CD27024EB0E360045EE98 /* AuthenticationViewModel.swift */; };
		112CD27324EB213F0045EE98 /* Constants.swift in Sources */ = {isa = PBXBuildFile; fileRef = 112CD27224EB213F0045EE98 /* Constants.swift */; };
		112CD27524EB543B0045EE98 /* User.swift in Sources */ = {isa = PBXBuildFile; fileRef = 112CD27424EB543B0045EE98 /* User.swift */; };
		112CD27724EB57F40045EE98 /* SearchResultsController.swift in Sources */ = {isa = PBXBuildFile; fileRef = 112CD27624EB57F40045EE98 /* SearchResultsController.swift */; };
		112CD27924EB58110045EE98 /* SavedController.swift in Sources */ = {isa = PBXBuildFile; fileRef = 112CD27824EB58110045EE98 /* SavedController.swift */; };
		112CD27B24EB582D0045EE98 /* ProfileController.swift in Sources */ = {isa = PBXBuildFile; fileRef = 112CD27A24EB582D0045EE98 /* ProfileController.swift */; };
		112CD27D24EB87960045EE98 /* Space.swift in Sources */ = {isa = PBXBuildFile; fileRef = 112CD27C24EB87960045EE98 /* Space.swift */; };
		112CD27F24EC96FA0045EE98 /* SpaceCell.swift in Sources */ = {isa = PBXBuildFile; fileRef = 112CD27E24EC96FA0045EE98 /* SpaceCell.swift */; };
		112CD28124ECB9C70045EE98 /* ProfileHeader.swift in Sources */ = {isa = PBXBuildFile; fileRef = 112CD28024ECB9C70045EE98 /* ProfileHeader.swift */; };
		112CD28524EDA9AC0045EE98 /* ProfileViewModel.swift in Sources */ = {isa = PBXBuildFile; fileRef = 112CD28424EDA9AC0045EE98 /* ProfileViewModel.swift */; };
		112CD28724EDACB80045EE98 /* ProfileCell.swift in Sources */ = {isa = PBXBuildFile; fileRef = 112CD28624EDACB80045EE98 /* ProfileCell.swift */; };
		112CD28924EDB2E10045EE98 /* ProfileFooter.swift in Sources */ = {isa = PBXBuildFile; fileRef = 112CD28824EDB2E10045EE98 /* ProfileFooter.swift */; };
		112CD28D24EEFCBB0045EE98 /* SpaceShowController.swift in Sources */ = {isa = PBXBuildFile; fileRef = 112CD28C24EEFCBB0045EE98 /* SpaceShowController.swift */; };
		112CD28F24EF081D0045EE98 /* SpaceShowPhotoCell.swift in Sources */ = {isa = PBXBuildFile; fileRef = 112CD28E24EF081D0045EE98 /* SpaceShowPhotoCell.swift */; };
		112CD29224EF53A20045EE98 /* SpaceInformation.swift in Sources */ = {isa = PBXBuildFile; fileRef = 112CD29124EF53A20045EE98 /* SpaceInformation.swift */; };
		112CD29424F0B9340045EE98 /* DiscoverController.swift in Sources */ = {isa = PBXBuildFile; fileRef = 112CD29324F0B9340045EE98 /* DiscoverController.swift */; };
		112CD29624F0BA5D0045EE98 /* DiscoverSearchView.swift in Sources */ = {isa = PBXBuildFile; fileRef = 112CD29524F0BA5D0045EE98 /* DiscoverSearchView.swift */; };
		112CD29824F2FE670045EE98 /* SpaceShowViewModel.swift in Sources */ = {isa = PBXBuildFile; fileRef = 112CD29724F2FE670045EE98 /* SpaceShowViewModel.swift */; };
		11906BB025004E70009326D7 /* DiscoverCityCell.swift in Sources */ = {isa = PBXBuildFile; fileRef = 11906BAF25004E70009326D7 /* DiscoverCityCell.swift */; };
		11A5ECC724CFFD4F00C41A3C /* AppDelegate.swift in Sources */ = {isa = PBXBuildFile; fileRef = 11A5ECC624CFFD4F00C41A3C /* AppDelegate.swift */; };
		11A5ECC924CFFD4F00C41A3C /* SceneDelegate.swift in Sources */ = {isa = PBXBuildFile; fileRef = 11A5ECC824CFFD4F00C41A3C /* SceneDelegate.swift */; };
		11A5ECD324CFFD5200C41A3C /* LaunchScreen.storyboard in Resources */ = {isa = PBXBuildFile; fileRef = 11A5ECD124CFFD5200C41A3C /* LaunchScreen.storyboard */; };
		11A5ECE224CFFE4B00C41A3C /* LoginController.swift in Sources */ = {isa = PBXBuildFile; fileRef = 11A5ECE124CFFE4B00C41A3C /* LoginController.swift */; };
		11A5ECE424CFFE5400C41A3C /* RegistrationController.swift in Sources */ = {isa = PBXBuildFile; fileRef = 11A5ECE324CFFE5400C41A3C /* RegistrationController.swift */; };
		11A5ECE824CFFF7F00C41A3C /* Main.storyboard in Resources */ = {isa = PBXBuildFile; fileRef = 11A5ECE724CFFF7F00C41A3C /* Main.storyboard */; };
		11A5ECEA24D0023000C41A3C /* Extensions.swift in Sources */ = {isa = PBXBuildFile; fileRef = 11A5ECE924D0023000C41A3C /* Extensions.swift */; };
		11A5ECEE24D13C0500C41A3C /* Assets.xcassets in Resources */ = {isa = PBXBuildFile; fileRef = 11A5ECED24D13C0500C41A3C /* Assets.xcassets */; };
		11E3DB6F24EAF16A00966084 /* GoogleService-Info.plist in Resources */ = {isa = PBXBuildFile; fileRef = 11E3DB6E24EAF16A00966084 /* GoogleService-Info.plist */; };
		B257E84706EB2B5BEAC9EAA4 /* Pods_Coworkinger_iOS.framework in Frameworks */ = {isa = PBXBuildFile; fileRef = 7A6F8A7A3C0E91DF76715DD2 /* Pods_Coworkinger_iOS.framework */; };
/* End PBXBuildFile section */

/* Begin PBXFileReference section */
		0B6794CF58993A935B191E21 /* Pods-Coworkinger-iOS.release.xcconfig */ = {isa = PBXFileReference; includeInIndex = 1; lastKnownFileType = text.xcconfig; name = "Pods-Coworkinger-iOS.release.xcconfig"; path = "Target Support Files/Pods-Coworkinger-iOS/Pods-Coworkinger-iOS.release.xcconfig"; sourceTree = "<group>"; };
		112CD26A24EB0A560045EE98 /* Service.swift */ = {isa = PBXFileReference; lastKnownFileType = sourcecode.swift; path = Service.swift; sourceTree = "<group>"; };
		112CD26C24EB0A6D0045EE98 /* AuthService.swift */ = {isa = PBXFileReference; lastKnownFileType = sourcecode.swift; path = AuthService.swift; sourceTree = "<group>"; };
		112CD26E24EB0C490045EE98 /* MainTabController.swift */ = {isa = PBXFileReference; lastKnownFileType = sourcecode.swift; path = MainTabController.swift; sourceTree = "<group>"; };
		112CD27024EB0E360045EE98 /* AuthenticationViewModel.swift */ = {isa = PBXFileReference; lastKnownFileType = sourcecode.swift; path = AuthenticationViewModel.swift; sourceTree = "<group>"; };
		112CD27224EB213F0045EE98 /* Constants.swift */ = {isa = PBXFileReference; lastKnownFileType = sourcecode.swift; path = Constants.swift; sourceTree = "<group>"; };
		112CD27424EB543B0045EE98 /* User.swift */ = {isa = PBXFileReference; lastKnownFileType = sourcecode.swift; path = User.swift; sourceTree = "<group>"; };
		112CD27624EB57F40045EE98 /* SearchResultsController.swift */ = {isa = PBXFileReference; lastKnownFileType = sourcecode.swift; path = SearchResultsController.swift; sourceTree = "<group>"; };
		112CD27824EB58110045EE98 /* SavedController.swift */ = {isa = PBXFileReference; lastKnownFileType = sourcecode.swift; path = SavedController.swift; sourceTree = "<group>"; };
		112CD27A24EB582D0045EE98 /* ProfileController.swift */ = {isa = PBXFileReference; lastKnownFileType = sourcecode.swift; path = ProfileController.swift; sourceTree = "<group>"; };
		112CD27C24EB87960045EE98 /* Space.swift */ = {isa = PBXFileReference; lastKnownFileType = sourcecode.swift; path = Space.swift; sourceTree = "<group>"; };
		112CD27E24EC96FA0045EE98 /* SpaceCell.swift */ = {isa = PBXFileReference; lastKnownFileType = sourcecode.swift; path = SpaceCell.swift; sourceTree = "<group>"; };
		112CD28024ECB9C70045EE98 /* ProfileHeader.swift */ = {isa = PBXFileReference; lastKnownFileType = sourcecode.swift; path = ProfileHeader.swift; sourceTree = "<group>"; };
		112CD28424EDA9AC0045EE98 /* ProfileViewModel.swift */ = {isa = PBXFileReference; lastKnownFileType = sourcecode.swift; path = ProfileViewModel.swift; sourceTree = "<group>"; };
		112CD28624EDACB80045EE98 /* ProfileCell.swift */ = {isa = PBXFileReference; lastKnownFileType = sourcecode.swift; path = ProfileCell.swift; sourceTree = "<group>"; };
		112CD28824EDB2E10045EE98 /* ProfileFooter.swift */ = {isa = PBXFileReference; lastKnownFileType = sourcecode.swift; path = ProfileFooter.swift; sourceTree = "<group>"; };
		112CD28C24EEFCBB0045EE98 /* SpaceShowController.swift */ = {isa = PBXFileReference; lastKnownFileType = sourcecode.swift; path = SpaceShowController.swift; sourceTree = "<group>"; };
		112CD28E24EF081D0045EE98 /* SpaceShowPhotoCell.swift */ = {isa = PBXFileReference; lastKnownFileType = sourcecode.swift; path = SpaceShowPhotoCell.swift; sourceTree = "<group>"; };
		112CD29124EF53A20045EE98 /* SpaceInformation.swift */ = {isa = PBXFileReference; lastKnownFileType = sourcecode.swift; path = SpaceInformation.swift; sourceTree = "<group>"; };
		112CD29324F0B9340045EE98 /* DiscoverController.swift */ = {isa = PBXFileReference; lastKnownFileType = sourcecode.swift; path = DiscoverController.swift; sourceTree = "<group>"; };
		112CD29524F0BA5D0045EE98 /* DiscoverSearchView.swift */ = {isa = PBXFileReference; lastKnownFileType = sourcecode.swift; path = DiscoverSearchView.swift; sourceTree = "<group>"; };
		112CD29724F2FE670045EE98 /* SpaceShowViewModel.swift */ = {isa = PBXFileReference; lastKnownFileType = sourcecode.swift; path = SpaceShowViewModel.swift; sourceTree = "<group>"; };
		11906BAF25004E70009326D7 /* DiscoverCityCell.swift */ = {isa = PBXFileReference; lastKnownFileType = sourcecode.swift; path = DiscoverCityCell.swift; sourceTree = "<group>"; };
		11A5ECC324CFFD4F00C41A3C /* Coworkinger-iOS.app */ = {isa = PBXFileReference; explicitFileType = wrapper.application; includeInIndex = 0; path = "Coworkinger-iOS.app"; sourceTree = BUILT_PRODUCTS_DIR; };
		11A5ECC624CFFD4F00C41A3C /* AppDelegate.swift */ = {isa = PBXFileReference; lastKnownFileType = sourcecode.swift; path = AppDelegate.swift; sourceTree = "<group>"; };
		11A5ECC824CFFD4F00C41A3C /* SceneDelegate.swift */ = {isa = PBXFileReference; lastKnownFileType = sourcecode.swift; path = SceneDelegate.swift; sourceTree = "<group>"; };
		11A5ECD224CFFD5200C41A3C /* Base */ = {isa = PBXFileReference; lastKnownFileType = file.storyboard; name = Base; path = Base.lproj/LaunchScreen.storyboard; sourceTree = "<group>"; };
		11A5ECD424CFFD5200C41A3C /* Info.plist */ = {isa = PBXFileReference; lastKnownFileType = text.plist.xml; path = Info.plist; sourceTree = "<group>"; };
		11A5ECE124CFFE4B00C41A3C /* LoginController.swift */ = {isa = PBXFileReference; lastKnownFileType = sourcecode.swift; path = LoginController.swift; sourceTree = "<group>"; };
		11A5ECE324CFFE5400C41A3C /* RegistrationController.swift */ = {isa = PBXFileReference; lastKnownFileType = sourcecode.swift; path = RegistrationController.swift; sourceTree = "<group>"; };
		11A5ECE724CFFF7F00C41A3C /* Main.storyboard */ = {isa = PBXFileReference; lastKnownFileType = file.storyboard; path = Main.storyboard; sourceTree = "<group>"; };
		11A5ECE924D0023000C41A3C /* Extensions.swift */ = {isa = PBXFileReference; lastKnownFileType = sourcecode.swift; path = Extensions.swift; sourceTree = "<group>"; };
		11A5ECED24D13C0500C41A3C /* Assets.xcassets */ = {isa = PBXFileReference; lastKnownFileType = folder.assetcatalog; name = Assets.xcassets; path = ../../../Downloads/UberTutorial/UberTutorial/Assets.xcassets; sourceTree = "<group>"; };
		11E3DB6E24EAF16A00966084 /* GoogleService-Info.plist */ = {isa = PBXFileReference; fileEncoding = 4; lastKnownFileType = text.plist.xml; path = "GoogleService-Info.plist"; sourceTree = "<group>"; };
		7A6F8A7A3C0E91DF76715DD2 /* Pods_Coworkinger_iOS.framework */ = {isa = PBXFileReference; explicitFileType = wrapper.framework; includeInIndex = 0; path = Pods_Coworkinger_iOS.framework; sourceTree = BUILT_PRODUCTS_DIR; };
		BFD3EEE69F4DD06A79D28FE0 /* Pods-Coworkinger-iOS.debug.xcconfig */ = {isa = PBXFileReference; includeInIndex = 1; lastKnownFileType = text.xcconfig; name = "Pods-Coworkinger-iOS.debug.xcconfig"; path = "Target Support Files/Pods-Coworkinger-iOS/Pods-Coworkinger-iOS.debug.xcconfig"; sourceTree = "<group>"; };
/* End PBXFileReference section */

/* Begin PBXFrameworksBuildPhase section */
		11A5ECC024CFFD4F00C41A3C /* Frameworks */ = {
			isa = PBXFrameworksBuildPhase;
			buildActionMask = 2147483647;
			files = (
				B257E84706EB2B5BEAC9EAA4 /* Pods_Coworkinger_iOS.framework in Frameworks */,
			);
			runOnlyForDeploymentPostprocessing = 0;
		};
/* End PBXFrameworksBuildPhase section */

/* Begin PBXGroup section */
		112CD29024EF538A0045EE98 /* SpaceShow */ = {
			isa = PBXGroup;
			children = (
				112CD28E24EF081D0045EE98 /* SpaceShowPhotoCell.swift */,
				112CD29124EF53A20045EE98 /* SpaceInformation.swift */,
			);
			path = SpaceShow;
			sourceTree = "<group>";
		};
		11906BAE25004E35009326D7 /* Discover */ = {
			isa = PBXGroup;
			children = (
				112CD29524F0BA5D0045EE98 /* DiscoverSearchView.swift */,
				11906BAF25004E70009326D7 /* DiscoverCityCell.swift */,
			);
			path = Discover;
			sourceTree = "<group>";
		};
		11A5ECBA24CFFD4F00C41A3C = {
			isa = PBXGroup;
			children = (
				11A5ECC524CFFD4F00C41A3C /* Coworkinger-iOS */,
				31D733370324A0D6CA7EB1FC /* Pods */,
				7FD82AB78E10CA2A9AA99D85 /* Frameworks */,
			);
			sourceTree = "<group>";
		};
		11A5ECC424CFFD4F00C41A3C /* Products */ = {
			isa = PBXGroup;
			children = (
				11A5ECC324CFFD4F00C41A3C /* Coworkinger-iOS.app */,
			);
			name = Products;
			path = ..;
			sourceTree = "<group>";
		};
		11A5ECC524CFFD4F00C41A3C /* Coworkinger-iOS */ = {
			isa = PBXGroup;
			children = (
				11A5ECDE24CFFDC800C41A3C /* Model */,
				11A5ECDD24CFFDC700C41A3C /* View */,
				11A5ECDC24CFFDC500C41A3C /* ViewModel */,
				11A5ECDB24CFFDC300C41A3C /* Controller */,
				11A5ECDF24CFFE0900C41A3C /* API */,
				11A5ECDA24CFFDC000C41A3C /* Utils */,
				11A5ECC624CFFD4F00C41A3C /* AppDelegate.swift */,
				11A5ECC824CFFD4F00C41A3C /* SceneDelegate.swift */,
				11A5ECE724CFFF7F00C41A3C /* Main.storyboard */,
				11A5ECED24D13C0500C41A3C /* Assets.xcassets */,
				11A5ECD124CFFD5200C41A3C /* LaunchScreen.storyboard */,
				11A5ECD424CFFD5200C41A3C /* Info.plist */,
				11E3DB6E24EAF16A00966084 /* GoogleService-Info.plist */,
				11A5ECC424CFFD4F00C41A3C /* Products */,
			);
			path = "Coworkinger-iOS";
			sourceTree = "<group>";
		};
		11A5ECDA24CFFDC000C41A3C /* Utils */ = {
			isa = PBXGroup;
			children = (
				11A5ECE924D0023000C41A3C /* Extensions.swift */,
				112CD27224EB213F0045EE98 /* Constants.swift */,
			);
			path = Utils;
			sourceTree = "<group>";
		};
		11A5ECDB24CFFDC300C41A3C /* Controller */ = {
			isa = PBXGroup;
			children = (
				11A5ECE024CFFE3400C41A3C /* Authentication */,
				112CD26E24EB0C490045EE98 /* MainTabController.swift */,
				112CD27624EB57F40045EE98 /* SearchResultsController.swift */,
				112CD27824EB58110045EE98 /* SavedController.swift */,
				112CD27A24EB582D0045EE98 /* ProfileController.swift */,
				112CD28C24EEFCBB0045EE98 /* SpaceShowController.swift */,
				112CD29324F0B9340045EE98 /* DiscoverController.swift */,
			);
			path = Controller;
			sourceTree = "<group>";
		};
		11A5ECDC24CFFDC500C41A3C /* ViewModel */ = {
			isa = PBXGroup;
			children = (
				112CD27024EB0E360045EE98 /* AuthenticationViewModel.swift */,
				112CD28424EDA9AC0045EE98 /* ProfileViewModel.swift */,
				112CD29724F2FE670045EE98 /* SpaceShowViewModel.swift */,
			);
			path = ViewModel;
			sourceTree = "<group>";
		};
		11A5ECDD24CFFDC700C41A3C /* View */ = {
			isa = PBXGroup;
			children = (
				11906BAE25004E35009326D7 /* Discover */,
				112CD29024EF538A0045EE98 /* SpaceShow */,
				112CD27E24EC96FA0045EE98 /* SpaceCell.swift */,
				112CD28024ECB9C70045EE98 /* ProfileHeader.swift */,
				112CD28624EDACB80045EE98 /* ProfileCell.swift */,
				112CD28824EDB2E10045EE98 /* ProfileFooter.swift */,
			);
			path = View;
			sourceTree = "<group>";
		};
		11A5ECDE24CFFDC800C41A3C /* Model */ = {
			isa = PBXGroup;
			children = (
				112CD27424EB543B0045EE98 /* User.swift */,
				112CD27C24EB87960045EE98 /* Space.swift */,
			);
			path = Model;
			sourceTree = "<group>";
		};
		11A5ECDF24CFFE0900C41A3C /* API */ = {
			isa = PBXGroup;
			children = (
				112CD26A24EB0A560045EE98 /* Service.swift */,
				112CD26C24EB0A6D0045EE98 /* AuthService.swift */,
			);
			path = API;
			sourceTree = "<group>";
		};
		11A5ECE024CFFE3400C41A3C /* Authentication */ = {
			isa = PBXGroup;
			children = (
				11A5ECE124CFFE4B00C41A3C /* LoginController.swift */,
				11A5ECE324CFFE5400C41A3C /* RegistrationController.swift */,
			);
			path = Authentication;
			sourceTree = "<group>";
		};
		31D733370324A0D6CA7EB1FC /* Pods */ = {
			isa = PBXGroup;
			children = (
				BFD3EEE69F4DD06A79D28FE0 /* Pods-Coworkinger-iOS.debug.xcconfig */,
				0B6794CF58993A935B191E21 /* Pods-Coworkinger-iOS.release.xcconfig */,
			);
			path = Pods;
			sourceTree = "<group>";
		};
		7FD82AB78E10CA2A9AA99D85 /* Frameworks */ = {
			isa = PBXGroup;
			children = (
				7A6F8A7A3C0E91DF76715DD2 /* Pods_Coworkinger_iOS.framework */,
			);
			name = Frameworks;
			sourceTree = "<group>";
		};
/* End PBXGroup section */

/* Begin PBXNativeTarget section */
		11A5ECC224CFFD4F00C41A3C /* Coworkinger-iOS */ = {
			isa = PBXNativeTarget;
			buildConfigurationList = 11A5ECD724CFFD5200C41A3C /* Build configuration list for PBXNativeTarget "Coworkinger-iOS" */;
			buildPhases = (
				FEDE896FA5FA8368A0768D1D /* [CP] Check Pods Manifest.lock */,
				11A5ECBF24CFFD4F00C41A3C /* Sources */,
				11A5ECC024CFFD4F00C41A3C /* Frameworks */,
				11A5ECC124CFFD4F00C41A3C /* Resources */,
				E68AD84207A47D7D9268622F /* [CP] Embed Pods Frameworks */,
			);
			buildRules = (
			);
			dependencies = (
			);
			name = "Coworkinger-iOS";
			productName = "Coworkinger-iOS";
			productReference = 11A5ECC324CFFD4F00C41A3C /* Coworkinger-iOS.app */;
			productType = "com.apple.product-type.application";
		};
/* End PBXNativeTarget section */

/* Begin PBXProject section */
		11A5ECBB24CFFD4F00C41A3C /* Project object */ = {
			isa = PBXProject;
			attributes = {
				LastSwiftUpdateCheck = 1160;
				LastUpgradeCheck = 1160;
				ORGANIZATIONNAME = "Stanley Traub";
				TargetAttributes = {
					11A5ECC224CFFD4F00C41A3C = {
						CreatedOnToolsVersion = 11.6;
					};
				};
			};
			buildConfigurationList = 11A5ECBE24CFFD4F00C41A3C /* Build configuration list for PBXProject "Coworkinger-iOS" */;
			compatibilityVersion = "Xcode 9.3";
			developmentRegion = en;
			hasScannedForEncodings = 0;
			knownRegions = (
				en,
				Base,
			);
			mainGroup = 11A5ECBA24CFFD4F00C41A3C;
			productRefGroup = 11A5ECC424CFFD4F00C41A3C /* Products */;
			projectDirPath = "";
			projectRoot = "";
			targets = (
				11A5ECC224CFFD4F00C41A3C /* Coworkinger-iOS */,
			);
		};
/* End PBXProject section */

/* Begin PBXResourcesBuildPhase section */
		11A5ECC124CFFD4F00C41A3C /* Resources */ = {
			isa = PBXResourcesBuildPhase;
			buildActionMask = 2147483647;
			files = (
				11A5ECE824CFFF7F00C41A3C /* Main.storyboard in Resources */,
				11E3DB6F24EAF16A00966084 /* GoogleService-Info.plist in Resources */,
				11A5ECD324CFFD5200C41A3C /* LaunchScreen.storyboard in Resources */,
				11A5ECEE24D13C0500C41A3C /* Assets.xcassets in Resources */,
			);
			runOnlyForDeploymentPostprocessing = 0;
		};
/* End PBXResourcesBuildPhase section */

/* Begin PBXShellScriptBuildPhase section */
		E68AD84207A47D7D9268622F /* [CP] Embed Pods Frameworks */ = {
			isa = PBXShellScriptBuildPhase;
			buildActionMask = 2147483647;
			files = (
			);
			inputFileListPaths = (
				"${PODS_ROOT}/Target Support Files/Pods-Coworkinger-iOS/Pods-Coworkinger-iOS-frameworks-${CONFIGURATION}-input-files.xcfilelist",
			);
			name = "[CP] Embed Pods Frameworks";
			outputFileListPaths = (
				"${PODS_ROOT}/Target Support Files/Pods-Coworkinger-iOS/Pods-Coworkinger-iOS-frameworks-${CONFIGURATION}-output-files.xcfilelist",
			);
			runOnlyForDeploymentPostprocessing = 0;
			shellPath = /bin/sh;
			shellScript = "\"${PODS_ROOT}/Target Support Files/Pods-Coworkinger-iOS/Pods-Coworkinger-iOS-frameworks.sh\"\n";
			showEnvVarsInLog = 0;
		};
		FEDE896FA5FA8368A0768D1D /* [CP] Check Pods Manifest.lock */ = {
			isa = PBXShellScriptBuildPhase;
			buildActionMask = 2147483647;
			files = (
			);
			inputFileListPaths = (
			);
			inputPaths = (
				"${PODS_PODFILE_DIR_PATH}/Podfile.lock",
				"${PODS_ROOT}/Manifest.lock",
			);
			name = "[CP] Check Pods Manifest.lock";
			outputFileListPaths = (
			);
			outputPaths = (
				"$(DERIVED_FILE_DIR)/Pods-Coworkinger-iOS-checkManifestLockResult.txt",
			);
			runOnlyForDeploymentPostprocessing = 0;
			shellPath = /bin/sh;
			shellScript = "diff \"${PODS_PODFILE_DIR_PATH}/Podfile.lock\" \"${PODS_ROOT}/Manifest.lock\" > /dev/null\nif [ $? != 0 ] ; then\n    # print error to STDERR\n    echo \"error: The sandbox is not in sync with the Podfile.lock. Run 'pod install' or update your CocoaPods installation.\" >&2\n    exit 1\nfi\n# This output is used by Xcode 'outputs' to avoid re-running this script phase.\necho \"SUCCESS\" > \"${SCRIPT_OUTPUT_FILE_0}\"\n";
			showEnvVarsInLog = 0;
		};
/* End PBXShellScriptBuildPhase section */

/* Begin PBXSourcesBuildPhase section */
		11A5ECBF24CFFD4F00C41A3C /* Sources */ = {
			isa = PBXSourcesBuildPhase;
			buildActionMask = 2147483647;
			files = (
				11A5ECEA24D0023000C41A3C /* Extensions.swift in Sources */,
				11A5ECC724CFFD4F00C41A3C /* AppDelegate.swift in Sources */,
				112CD29224EF53A20045EE98 /* SpaceInformation.swift in Sources */,
				112CD26F24EB0C490045EE98 /* MainTabController.swift in Sources */,
				11A5ECE224CFFE4B00C41A3C /* LoginController.swift in Sources */,
				112CD29424F0B9340045EE98 /* DiscoverController.swift in Sources */,
				11A5ECE424CFFE5400C41A3C /* RegistrationController.swift in Sources */,
				112CD29624F0BA5D0045EE98 /* DiscoverSearchView.swift in Sources */,
				112CD27D24EB87960045EE98 /* Space.swift in Sources */,
				112CD28924EDB2E10045EE98 /* ProfileFooter.swift in Sources */,
				112CD27F24EC96FA0045EE98 /* SpaceCell.swift in Sources */,
				112CD27924EB58110045EE98 /* SavedController.swift in Sources */,
				112CD27724EB57F40045EE98 /* SearchResultsController.swift in Sources */,
				112CD27B24EB582D0045EE98 /* ProfileController.swift in Sources */,
				112CD29824F2FE670045EE98 /* SpaceShowViewModel.swift in Sources */,
				112CD28124ECB9C70045EE98 /* ProfileHeader.swift in Sources */,
				11906BB025004E70009326D7 /* DiscoverCityCell.swift in Sources */,
				112CD27324EB213F0045EE98 /* Constants.swift in Sources */,
				11A5ECC924CFFD4F00C41A3C /* SceneDelegate.swift in Sources */,
				112CD27124EB0E360045EE98 /* AuthenticationViewModel.swift in Sources */,
				112CD26B24EB0A560045EE98 /* Service.swift in Sources */,
				112CD26D24EB0A6D0045EE98 /* AuthService.swift in Sources */,
				112CD28D24EEFCBB0045EE98 /* SpaceShowController.swift in Sources */,
				112CD28724EDACB80045EE98 /* ProfileCell.swift in Sources */,
				112CD28524EDA9AC0045EE98 /* ProfileViewModel.swift in Sources */,
				112CD27524EB543B0045EE98 /* User.swift in Sources */,
				112CD28F24EF081D0045EE98 /* SpaceShowPhotoCell.swift in Sources */,
			);
			runOnlyForDeploymentPostprocessing = 0;
		};
/* End PBXSourcesBuildPhase section */

/* Begin PBXVariantGroup section */
		11A5ECD124CFFD5200C41A3C /* LaunchScreen.storyboard */ = {
			isa = PBXVariantGroup;
			children = (
				11A5ECD224CFFD5200C41A3C /* Base */,
			);
			name = LaunchScreen.storyboard;
			sourceTree = "<group>";
		};
/* End PBXVariantGroup section */

/* Begin XCBuildConfiguration section */
		11A5ECD524CFFD5200C41A3C /* Debug */ = {
			isa = XCBuildConfiguration;
			buildSettings = {
				ALWAYS_SEARCH_USER_PATHS = NO;
				CLANG_ANALYZER_NONNULL = YES;
				CLANG_ANALYZER_NUMBER_OBJECT_CONVERSION = YES_AGGRESSIVE;
				CLANG_CXX_LANGUAGE_STANDARD = "gnu++14";
				CLANG_CXX_LIBRARY = "libc++";
				CLANG_ENABLE_MODULES = YES;
				CLANG_ENABLE_OBJC_ARC = YES;
				CLANG_ENABLE_OBJC_WEAK = YES;
				CLANG_WARN_BLOCK_CAPTURE_AUTORELEASING = YES;
				CLANG_WARN_BOOL_CONVERSION = YES;
				CLANG_WARN_COMMA = YES;
				CLANG_WARN_CONSTANT_CONVERSION = YES;
				CLANG_WARN_DEPRECATED_OBJC_IMPLEMENTATIONS = YES;
				CLANG_WARN_DIRECT_OBJC_ISA_USAGE = YES_ERROR;
				CLANG_WARN_DOCUMENTATION_COMMENTS = YES;
				CLANG_WARN_EMPTY_BODY = YES;
				CLANG_WARN_ENUM_CONVERSION = YES;
				CLANG_WARN_INFINITE_RECURSION = YES;
				CLANG_WARN_INT_CONVERSION = YES;
				CLANG_WARN_NON_LITERAL_NULL_CONVERSION = YES;
				CLANG_WARN_OBJC_IMPLICIT_RETAIN_SELF = YES;
				CLANG_WARN_OBJC_LITERAL_CONVERSION = YES;
				CLANG_WARN_OBJC_ROOT_CLASS = YES_ERROR;
				CLANG_WARN_RANGE_LOOP_ANALYSIS = YES;
				CLANG_WARN_STRICT_PROTOTYPES = YES;
				CLANG_WARN_SUSPICIOUS_MOVE = YES;
				CLANG_WARN_UNGUARDED_AVAILABILITY = YES_AGGRESSIVE;
				CLANG_WARN_UNREACHABLE_CODE = YES;
				CLANG_WARN__DUPLICATE_METHOD_MATCH = YES;
				COPY_PHASE_STRIP = NO;
				DEBUG_INFORMATION_FORMAT = dwarf;
				ENABLE_STRICT_OBJC_MSGSEND = YES;
				ENABLE_TESTABILITY = YES;
				GCC_C_LANGUAGE_STANDARD = gnu11;
				GCC_DYNAMIC_NO_PIC = NO;
				GCC_NO_COMMON_BLOCKS = YES;
				GCC_OPTIMIZATION_LEVEL = 0;
				GCC_PREPROCESSOR_DEFINITIONS = (
					"DEBUG=1",
					"$(inherited)",
				);
				GCC_WARN_64_TO_32_BIT_CONVERSION = YES;
				GCC_WARN_ABOUT_RETURN_TYPE = YES_ERROR;
				GCC_WARN_UNDECLARED_SELECTOR = YES;
				GCC_WARN_UNINITIALIZED_AUTOS = YES_AGGRESSIVE;
				GCC_WARN_UNUSED_FUNCTION = YES;
				GCC_WARN_UNUSED_VARIABLE = YES;
				IPHONEOS_DEPLOYMENT_TARGET = 13.6;
				MTL_ENABLE_DEBUG_INFO = INCLUDE_SOURCE;
				MTL_FAST_MATH = YES;
				ONLY_ACTIVE_ARCH = YES;
				SDKROOT = iphoneos;
				SWIFT_ACTIVE_COMPILATION_CONDITIONS = DEBUG;
				SWIFT_OPTIMIZATION_LEVEL = "-Onone";
			};
			name = Debug;
		};
		11A5ECD624CFFD5200C41A3C /* Release */ = {
			isa = XCBuildConfiguration;
			buildSettings = {
				ALWAYS_SEARCH_USER_PATHS = NO;
				CLANG_ANALYZER_NONNULL = YES;
				CLANG_ANALYZER_NUMBER_OBJECT_CONVERSION = YES_AGGRESSIVE;
				CLANG_CXX_LANGUAGE_STANDARD = "gnu++14";
				CLANG_CXX_LIBRARY = "libc++";
				CLANG_ENABLE_MODULES = YES;
				CLANG_ENABLE_OBJC_ARC = YES;
				CLANG_ENABLE_OBJC_WEAK = YES;
				CLANG_WARN_BLOCK_CAPTURE_AUTORELEASING = YES;
				CLANG_WARN_BOOL_CONVERSION = YES;
				CLANG_WARN_COMMA = YES;
				CLANG_WARN_CONSTANT_CONVERSION = YES;
				CLANG_WARN_DEPRECATED_OBJC_IMPLEMENTATIONS = YES;
				CLANG_WARN_DIRECT_OBJC_ISA_USAGE = YES_ERROR;
				CLANG_WARN_DOCUMENTATION_COMMENTS = YES;
				CLANG_WARN_EMPTY_BODY = YES;
				CLANG_WARN_ENUM_CONVERSION = YES;
				CLANG_WARN_INFINITE_RECURSION = YES;
				CLANG_WARN_INT_CONVERSION = YES;
				CLANG_WARN_NON_LITERAL_NULL_CONVERSION = YES;
				CLANG_WARN_OBJC_IMPLICIT_RETAIN_SELF = YES;
				CLANG_WARN_OBJC_LITERAL_CONVERSION = YES;
				CLANG_WARN_OBJC_ROOT_CLASS = YES_ERROR;
				CLANG_WARN_RANGE_LOOP_ANALYSIS = YES;
				CLANG_WARN_STRICT_PROTOTYPES = YES;
				CLANG_WARN_SUSPICIOUS_MOVE = YES;
				CLANG_WARN_UNGUARDED_AVAILABILITY = YES_AGGRESSIVE;
				CLANG_WARN_UNREACHABLE_CODE = YES;
				CLANG_WARN__DUPLICATE_METHOD_MATCH = YES;
				COPY_PHASE_STRIP = NO;
				DEBUG_INFORMATION_FORMAT = "dwarf-with-dsym";
				ENABLE_NS_ASSERTIONS = NO;
				ENABLE_STRICT_OBJC_MSGSEND = YES;
				GCC_C_LANGUAGE_STANDARD = gnu11;
				GCC_NO_COMMON_BLOCKS = YES;
				GCC_WARN_64_TO_32_BIT_CONVERSION = YES;
				GCC_WARN_ABOUT_RETURN_TYPE = YES_ERROR;
				GCC_WARN_UNDECLARED_SELECTOR = YES;
				GCC_WARN_UNINITIALIZED_AUTOS = YES_AGGRESSIVE;
				GCC_WARN_UNUSED_FUNCTION = YES;
				GCC_WARN_UNUSED_VARIABLE = YES;
				IPHONEOS_DEPLOYMENT_TARGET = 13.6;
				MTL_ENABLE_DEBUG_INFO = NO;
				MTL_FAST_MATH = YES;
				SDKROOT = iphoneos;
				SWIFT_COMPILATION_MODE = wholemodule;
				SWIFT_OPTIMIZATION_LEVEL = "-O";
				VALIDATE_PRODUCT = YES;
			};
			name = Release;
		};
		11A5ECD824CFFD5200C41A3C /* Debug */ = {
			isa = XCBuildConfiguration;
			baseConfigurationReference = BFD3EEE69F4DD06A79D28FE0 /* Pods-Coworkinger-iOS.debug.xcconfig */;
			buildSettings = {
				ASSETCATALOG_COMPILER_APPICON_NAME = AppIcon;
				CODE_SIGN_STYLE = Automatic;
				DEVELOPMENT_TEAM = N8Z6DLFKLR;
				INFOPLIST_FILE = "Coworkinger-iOS/Info.plist";
				LD_RUNPATH_SEARCH_PATHS = (
					"$(inherited)",
					"@executable_path/Frameworks",
				);
				PRODUCT_BUNDLE_IDENTIFIER = "com.stanleytraub.Coworkinger-iOS";
				PRODUCT_NAME = "$(TARGET_NAME)";
				SWIFT_VERSION = 5.0;
				TARGETED_DEVICE_FAMILY = "1,2";
			};
			name = Debug;
		};
		11A5ECD924CFFD5200C41A3C /* Release */ = {
			isa = XCBuildConfiguration;
			baseConfigurationReference = 0B6794CF58993A935B191E21 /* Pods-Coworkinger-iOS.release.xcconfig */;
			buildSettings = {
				ASSETCATALOG_COMPILER_APPICON_NAME = AppIcon;
				CODE_SIGN_STYLE = Automatic;
				DEVELOPMENT_TEAM = N8Z6DLFKLR;
				INFOPLIST_FILE = "Coworkinger-iOS/Info.plist";
				LD_RUNPATH_SEARCH_PATHS = (
					"$(inherited)",
					"@executable_path/Frameworks",
				);
				PRODUCT_BUNDLE_IDENTIFIER = "com.stanleytraub.Coworkinger-iOS";
				PRODUCT_NAME = "$(TARGET_NAME)";
				SWIFT_VERSION = 5.0;
				TARGETED_DEVICE_FAMILY = "1,2";
			};
			name = Release;
		};
/* End XCBuildConfiguration section */

/* Begin XCConfigurationList section */
		11A5ECBE24CFFD4F00C41A3C /* Build configuration list for PBXProject "Coworkinger-iOS" */ = {
			isa = XCConfigurationList;
			buildConfigurations = (
				11A5ECD524CFFD5200C41A3C /* Debug */,
				11A5ECD624CFFD5200C41A3C /* Release */,
			);
			defaultConfigurationIsVisible = 0;
			defaultConfigurationName = Release;
		};
		11A5ECD724CFFD5200C41A3C /* Build configuration list for PBXNativeTarget "Coworkinger-iOS" */ = {
			isa = XCConfigurationList;
			buildConfigurations = (
				11A5ECD824CFFD5200C41A3C /* Debug */,
				11A5ECD924CFFD5200C41A3C /* Release */,
			);
			defaultConfigurationIsVisible = 0;
			defaultConfigurationName = Release;
		};
/* End XCConfigurationList section */
	};
	rootObject = 11A5ECBB24CFFD4F00C41A3C /* Project object */;
}
